
Microsoft Visual Studio Solution File, Format Version 12.00
# Visual Studio Version 17
VisualStudioVersion = 17.5.002.0
MinimumVisualStudioVersion = 10.0.40219.1
Project("{9A19103F-16F7-4668-BE54-9A1E7A4F7556}") = "Xpro_test_1", "Xpro_test_1.csproj", "{F301CB65-5349-42DB-B250-5307EB94A807}"
EndProject
Global
	GlobalSection(SolutionConfigurationPlatforms) = preSolution
		Debug|Any CPU = Debug|Any CPU
		Release|Any CPU = Release|Any CPU
	EndGlobalSection
	GlobalSection(ProjectConfigurationPlatforms) = postSolution
		{F301CB65-5349-42DB-B250-5307EB94A807}.Debug|Any CPU.ActiveCfg = Debug|Any CPU
		{F301CB65-5349-42DB-B250-5307EB94A807}.Debug|Any CPU.Build.0 = Debug|Any CPU
		{F301CB65-5349-42DB-B250-5307EB94A807}.Release|Any CPU.ActiveCfg = Release|Any CPU
		{F301CB65-5349-42DB-B250-5307EB94A807}.Release|Any CPU.Build.0 = Release|Any CPU
	EndGlobalSection
	GlobalSection(SolutionProperties) = preSolution
		HideSolutionNode = FALSE
	EndGlobalSection
	GlobalSection(ExtensibilityGlobals) = postSolution
		SolutionGuid = {88C8492A-4086-4B26-9E0B-5965C3B898BA}
	EndGlobalSection
EndGlobal
